
Microsoft Visual Studio Solution File, Format Version 12.00
# Visual Studio Version 16
VisualStudioVersion = 16.0.29411.108
MinimumVisualStudioVersion = 10.0.40219.1
Project("{FAE04EC0-301F-11D3-BF4B-00C04F79EFBC}") = "Sistema.Entidades", "Sistema.Entidades\Sistema.Entidades.csproj", "{C683D20F-111B-4C4E-970C-4E1ECE716049}"
EndProject
Project("{FAE04EC0-301F-11D3-BF4B-00C04F79EFBC}") = "Sistema.Datos", "Sistema.Datos\Sistema.Datos.csproj", "{5E4DCF79-CE48-4096-B495-558B78105885}"
EndProject
Project("{FAE04EC0-301F-11D3-BF4B-00C04F79EFBC}") = "Sistema.Web", "Sistema.Web\Sistema.Web.csproj", "{C8162425-BFB0-4101-BCFF-2DF10962E5AF}"
EndProject
Global
	GlobalSection(SolutionConfigurationPlatforms) = preSolution
		Debug|Any CPU = Debug|Any CPU
		Release|Any CPU = Release|Any CPU
	EndGlobalSection
	GlobalSection(ProjectConfigurationPlatforms) = postSolution
		{C683D20F-111B-4C4E-970C-4E1ECE716049}.Debug|Any CPU.ActiveCfg = Debug|Any CPU
		{C683D20F-111B-4C4E-970C-4E1ECE716049}.Debug|Any CPU.Build.0 = Debug|Any CPU
		{C683D20F-111B-4C4E-970C-4E1ECE716049}.Release|Any CPU.ActiveCfg = Release|Any CPU
		{C683D20F-111B-4C4E-970C-4E1ECE716049}.Release|Any CPU.Build.0 = Release|Any CPU
		{5E4DCF79-CE48-4096-B495-558B78105885}.Debug|Any CPU.ActiveCfg = Debug|Any CPU
		{5E4DCF79-CE48-4096-B495-558B78105885}.Debug|Any CPU.Build.0 = Debug|Any CPU
		{5E4DCF79-CE48-4096-B495-558B78105885}.Release|Any CPU.ActiveCfg = Release|Any CPU
		{5E4DCF79-CE48-4096-B495-558B78105885}.Release|Any CPU.Build.0 = Release|Any CPU
		{C8162425-BFB0-4101-BCFF-2DF10962E5AF}.Debug|Any CPU.ActiveCfg = Debug|Any CPU
		{C8162425-BFB0-4101-BCFF-2DF10962E5AF}.Debug|Any CPU.Build.0 = Debug|Any CPU
		{C8162425-BFB0-4101-BCFF-2DF10962E5AF}.Release|Any CPU.ActiveCfg = Release|Any CPU
		{C8162425-BFB0-4101-BCFF-2DF10962E5AF}.Release|Any CPU.Build.0 = Release|Any CPU
	EndGlobalSection
	GlobalSection(SolutionProperties) = preSolution
		HideSolutionNode = FALSE
	EndGlobalSection
	GlobalSection(ExtensibilityGlobals) = postSolution
		SolutionGuid = {20B2F99B-CD14-4151-BCC8-5D3B45CBFB66}
	EndGlobalSection
EndGlobal
